// !$*UTF8*$!
{
	archiveVersion = 1;
	classes = {
	};
	objectVersion = 50;
	objects = {

/* Begin PBXBuildFile section */
		F61A96F524A3C4E30026A054 /* AppDelegate.swift in Sources */ = {isa = PBXBuildFile; fileRef = F61A96F424A3C4E30026A054 /* AppDelegate.swift */; };
		F61A96F724A3C4E30026A054 /* SceneDelegate.swift in Sources */ = {isa = PBXBuildFile; fileRef = F61A96F624A3C4E30026A054 /* SceneDelegate.swift */; };
		F61A96F924A3C4E30026A054 /* ViewController.swift in Sources */ = {isa = PBXBuildFile; fileRef = F61A96F824A3C4E30026A054 /* ViewController.swift */; };
		F61A96FC24A3C4E30026A054 /* Main.storyboard in Resources */ = {isa = PBXBuildFile; fileRef = F61A96FA24A3C4E30026A054 /* Main.storyboard */; };
		F61A96FE24A3C4E50026A054 /* Assets.xcassets in Resources */ = {isa = PBXBuildFile; fileRef = F61A96FD24A3C4E50026A054 /* Assets.xcassets */; };
		F61A970124A3C4E50026A054 /* LaunchScreen.storyboard in Resources */ = {isa = PBXBuildFile; fileRef = F61A96FF24A3C4E50026A054 /* LaunchScreen.storyboard */; };
		F61A970B24A3C6CE0026A054 /* SettingsVC.swift in Sources */ = {isa = PBXBuildFile; fileRef = F61A970A24A3C6CE0026A054 /* SettingsVC.swift */; };
		F61A970D24A3C6E10026A054 /* BrowserVC.swift in Sources */ = {isa = PBXBuildFile; fileRef = F61A970C24A3C6E10026A054 /* BrowserVC.swift */; };
		F6BB82B024A4A3240091FFDB /* GlobalFunctions.swift in Sources */ = {isa = PBXBuildFile; fileRef = F6BB82AF24A4A3240091FFDB /* GlobalFunctions.swift */; };
		F6BB82B324A4A5890091FFDB /* ConstantManager.swift in Sources */ = {isa = PBXBuildFile; fileRef = F6BB82B224A4A5890091FFDB /* ConstantManager.swift */; };
		F6BB82B624A4ACC50091FFDB /* WebKit.framework in Frameworks */ = {isa = PBXBuildFile; fileRef = F6BB82B524A4ACC50091FFDB /* WebKit.framework */; };
/* End PBXBuildFile section */

/* Begin PBXFileReference section */
		F61A96F124A3C4E30026A054 /* FunSwitchBrowser.app */ = {isa = PBXFileReference; explicitFileType = wrapper.application; includeInIndex = 0; path = FunSwitchBrowser.app; sourceTree = BUILT_PRODUCTS_DIR; };
		F61A96F424A3C4E30026A054 /* AppDelegate.swift */ = {isa = PBXFileReference; lastKnownFileType = sourcecode.swift; path = AppDelegate.swift; sourceTree = "<group>"; };
		F61A96F624A3C4E30026A054 /* SceneDelegate.swift */ = {isa = PBXFileReference; lastKnownFileType = sourcecode.swift; path = SceneDelegate.swift; sourceTree = "<group>"; };
		F61A96F824A3C4E30026A054 /* ViewController.swift */ = {isa = PBXFileReference; lastKnownFileType = sourcecode.swift; path = ViewController.swift; sourceTree = "<group>"; };
		F61A96FB24A3C4E30026A054 /* Base */ = {isa = PBXFileReference; lastKnownFileType = file.storyboard; name = Base; path = Base.lproj/Main.storyboard; sourceTree = "<group>"; };
		F61A96FD24A3C4E50026A054 /* Assets.xcassets */ = {isa = PBXFileReference; lastKnownFileType = folder.assetcatalog; path = Assets.xcassets; sourceTree = "<group>"; };
		F61A970024A3C4E50026A054 /* Base */ = {isa = PBXFileReference; lastKnownFileType = file.storyboard; name = Base; path = Base.lproj/LaunchScreen.storyboard; sourceTree = "<group>"; };
		F61A970224A3C4E50026A054 /* Info.plist */ = {isa = PBXFileReference; lastKnownFileType = text.plist.xml; path = Info.plist; sourceTree = "<group>"; };
		F61A970A24A3C6CE0026A054 /* SettingsVC.swift */ = {isa = PBXFileReference; lastKnownFileType = sourcecode.swift; path = SettingsVC.swift; sourceTree = "<group>"; };
		F61A970C24A3C6E10026A054 /* BrowserVC.swift */ = {isa = PBXFileReference; lastKnownFileType = sourcecode.swift; path = BrowserVC.swift; sourceTree = "<group>"; };
		F6BB82AF24A4A3240091FFDB /* GlobalFunctions.swift */ = {isa = PBXFileReference; lastKnownFileType = sourcecode.swift; path = GlobalFunctions.swift; sourceTree = "<group>"; };
		F6BB82B224A4A5890091FFDB /* ConstantManager.swift */ = {isa = PBXFileReference; lastKnownFileType = sourcecode.swift; path = ConstantManager.swift; sourceTree = "<group>"; };
		F6BB82B524A4ACC50091FFDB /* WebKit.framework */ = {isa = PBXFileReference; lastKnownFileType = wrapper.framework; name = WebKit.framework; path = System/Library/Frameworks/WebKit.framework; sourceTree = SDKROOT; };
/* End PBXFileReference section */

/* Begin PBXFrameworksBuildPhase section */
		F61A96EE24A3C4E30026A054 /* Frameworks */ = {
			isa = PBXFrameworksBuildPhase;
			buildActionMask = 2147483647;
			files = (
				F6BB82B624A4ACC50091FFDB /* WebKit.framework in Frameworks */,
			);
			runOnlyForDeploymentPostprocessing = 0;
		};
/* End PBXFrameworksBuildPhase section */

/* Begin PBXGroup section */
		F61A96E824A3C4E30026A054 = {
			isa = PBXGroup;
			children = (
				F61A96F324A3C4E30026A054 /* FunSwitchBrowser */,
				F61A96F224A3C4E30026A054 /* Products */,
				F6BB82B424A4ACC50091FFDB /* Frameworks */,
			);
			sourceTree = "<group>";
		};
		F61A96F224A3C4E30026A054 /* Products */ = {
			isa = PBXGroup;
			children = (
				F61A96F124A3C4E30026A054 /* FunSwitchBrowser.app */,
			);
			name = Products;
			sourceTree = "<group>";
		};
		F61A96F324A3C4E30026A054 /* FunSwitchBrowser */ = {
			isa = PBXGroup;
			children = (
				F6BB82B124A4A56E0091FFDB /* Constants */,
				F6BB82AE24A4A2FB0091FFDB /* Utility */,
				F61A970924A3C5250026A054 /* Controllers */,
				F61A970824A3C4FF0026A054 /* LifeCycle */,
				F61A96FA24A3C4E30026A054 /* Main.storyboard */,
				F61A96FD24A3C4E50026A054 /* Assets.xcassets */,
				F61A96FF24A3C4E50026A054 /* LaunchScreen.storyboard */,
				F61A970224A3C4E50026A054 /* Info.plist */,
			);
			path = FunSwitchBrowser;
			sourceTree = "<group>";
		};
		F61A970824A3C4FF0026A054 /* LifeCycle */ = {
			isa = PBXGroup;
			children = (
				F61A96F424A3C4E30026A054 /* AppDelegate.swift */,
				F61A96F624A3C4E30026A054 /* SceneDelegate.swift */,
			);
			path = LifeCycle;
			sourceTree = "<group>";
		};
		F61A970924A3C5250026A054 /* Controllers */ = {
			isa = PBXGroup;
			children = (
				F61A970A24A3C6CE0026A054 /* SettingsVC.swift */,
				F61A96F824A3C4E30026A054 /* ViewController.swift */,
				F61A970C24A3C6E10026A054 /* BrowserVC.swift */,
			);
			path = Controllers;
			sourceTree = "<group>";
		};
		F6BB82AE24A4A2FB0091FFDB /* Utility */ = {
			isa = PBXGroup;
			children = (
				F6BB82AF24A4A3240091FFDB /* GlobalFunctions.swift */,
			);
			path = Utility;
			sourceTree = "<group>";
		};
		F6BB82B124A4A56E0091FFDB /* Constants */ = {
			isa = PBXGroup;
			children = (
				F6BB82B224A4A5890091FFDB /* ConstantManager.swift */,
			);
			path = Constants;
			sourceTree = "<group>";
		};
		F6BB82B424A4ACC50091FFDB /* Frameworks */ = {
			isa = PBXGroup;
			children = (
				F6BB82B524A4ACC50091FFDB /* WebKit.framework */,
			);
			name = Frameworks;
			sourceTree = "<group>";
		};
/* End PBXGroup section */

/* Begin PBXNativeTarget section */
		F61A96F024A3C4E30026A054 /* FunSwitchBrowser */ = {
			isa = PBXNativeTarget;
			buildConfigurationList = F61A970524A3C4E50026A054 /* Build configuration list for PBXNativeTarget "FunSwitchBrowser" */;
			buildPhases = (
				F61A96ED24A3C4E30026A054 /* Sources */,
				F61A96EE24A3C4E30026A054 /* Frameworks */,
				F61A96EF24A3C4E30026A054 /* Resources */,
			);
			buildRules = (
			);
			dependencies = (
			);
			name = FunSwitchBrowser;
			productName = FunSwitchBrowser;
			productReference = F61A96F124A3C4E30026A054 /* FunSwitchBrowser.app */;
			productType = "com.apple.product-type.application";
		};
/* End PBXNativeTarget section */

/* Begin PBXProject section */
		F61A96E924A3C4E30026A054 /* Project object */ = {
			isa = PBXProject;
			attributes = {
				LastSwiftUpdateCheck = 1150;
				LastUpgradeCheck = 1150;
				ORGANIZATIONNAME = Himani;
				TargetAttributes = {
					F61A96F024A3C4E30026A054 = {
						CreatedOnToolsVersion = 11.5;
					};
				};
			};
			buildConfigurationList = F61A96EC24A3C4E30026A054 /* Build configuration list for PBXProject "FunSwitchBrowser" */;
			compatibilityVersion = "Xcode 9.3";
			developmentRegion = en;
			hasScannedForEncodings = 0;
			knownRegions = (
				en,
				Base,
			);
			mainGroup = F61A96E824A3C4E30026A054;
			productRefGroup = F61A96F224A3C4E30026A054 /* Products */;
			projectDirPath = "";
			projectRoot = "";
			targets = (
				F61A96F024A3C4E30026A054 /* FunSwitchBrowser */,
			);
		};
/* End PBXProject section */

/* Begin PBXResourcesBuildPhase section */
		F61A96EF24A3C4E30026A054 /* Resources */ = {
			isa = PBXResourcesBuildPhase;
			buildActionMask = 2147483647;
			files = (
				F61A970124A3C4E50026A054 /* LaunchScreen.storyboard in Resources */,
				F61A96FE24A3C4E50026A054 /* Assets.xcassets in Resources */,
				F61A96FC24A3C4E30026A054 /* Main.storyboard in Resources */,
			);
			runOnlyForDeploymentPostprocessing = 0;
		};
/* End PBXResourcesBuildPhase section */

/* Begin PBXSourcesBuildPhase section */
		F61A96ED24A3C4E30026A054 /* Sources */ = {
			isa = PBXSourcesBuildPhase;
			buildActionMask = 2147483647;
			files = (
				F61A970D24A3C6E10026A054 /* BrowserVC.swift in Sources */,
				F61A96F924A3C4E30026A054 /* ViewController.swift in Sources */,
				F6BB82B024A4A3240091FFDB /* GlobalFunctions.swift in Sources */,
				F61A970B24A3C6CE0026A054 /* SettingsVC.swift in Sources */,
				F61A96F524A3C4E30026A054 /* AppDelegate.swift in Sources */,
				F61A96F724A3C4E30026A054 /* SceneDelegate.swift in Sources */,
				F6BB82B324A4A5890091FFDB /* ConstantManager.swift in Sources */,
			);
			runOnlyForDeploymentPostprocessing = 0;
		};
/* End PBXSourcesBuildPhase section */

/* Begin PBXVariantGroup section */
		F61A96FA24A3C4E30026A054 /* Main.storyboard */ = {
			isa = PBXVariantGroup;
			children = (
				F61A96FB24A3C4E30026A054 /* Base */,
			);
			name = Main.storyboard;
			sourceTree = "<group>";
		};
		F61A96FF24A3C4E50026A054 /* LaunchScreen.storyboard */ = {
			isa = PBXVariantGroup;
			children = (
				F61A970024A3C4E50026A054 /* Base */,
			);
			name = LaunchScreen.storyboard;
			sourceTree = "<group>";
		};
/* End PBXVariantGroup section */

/* Begin XCBuildConfiguration section */
		F61A970324A3C4E50026A054 /* Debug */ = {
			isa = XCBuildConfiguration;
			buildSettings = {
				ALWAYS_SEARCH_USER_PATHS = NO;
				CLANG_ANALYZER_NONNULL = YES;
				CLANG_ANALYZER_NUMBER_OBJECT_CONVERSION = YES_AGGRESSIVE;
				CLANG_CXX_LANGUAGE_STANDARD = "gnu++14";
				CLANG_CXX_LIBRARY = "libc++";
				CLANG_ENABLE_MODULES = YES;
				CLANG_ENABLE_OBJC_ARC = YES;
				CLANG_ENABLE_OBJC_WEAK = YES;
				CLANG_WARN_BLOCK_CAPTURE_AUTORELEASING = YES;
				CLANG_WARN_BOOL_CONVERSION = YES;
				CLANG_WARN_COMMA = YES;
				CLANG_WARN_CONSTANT_CONVERSION = YES;
				CLANG_WARN_DEPRECATED_OBJC_IMPLEMENTATIONS = YES;
				CLANG_WARN_DIRECT_OBJC_ISA_USAGE = YES_ERROR;
				CLANG_WARN_DOCUMENTATION_COMMENTS = YES;
				CLANG_WARN_EMPTY_BODY = YES;
				CLANG_WARN_ENUM_CONVERSION = YES;
				CLANG_WARN_INFINITE_RECURSION = YES;
				CLANG_WARN_INT_CONVERSION = YES;
				CLANG_WARN_NON_LITERAL_NULL_CONVERSION = YES;
				CLANG_WARN_OBJC_IMPLICIT_RETAIN_SELF = YES;
				CLANG_WARN_OBJC_LITERAL_CONVERSION = YES;
				CLANG_WARN_OBJC_ROOT_CLASS = YES_ERROR;
				CLANG_WARN_RANGE_LOOP_ANALYSIS = YES;
				CLANG_WARN_STRICT_PROTOTYPES = YES;
				CLANG_WARN_SUSPICIOUS_MOVE = YES;
				CLANG_WARN_UNGUARDED_AVAILABILITY = YES_AGGRESSIVE;
				CLANG_WARN_UNREACHABLE_CODE = YES;
				CLANG_WARN__DUPLICATE_METHOD_MATCH = YES;
				COPY_PHASE_STRIP = NO;
				DEBUG_INFORMATION_FORMAT = dwarf;
				ENABLE_STRICT_OBJC_MSGSEND = YES;
				ENABLE_TESTABILITY = YES;
				GCC_C_LANGUAGE_STANDARD = gnu11;
				GCC_DYNAMIC_NO_PIC = NO;
				GCC_NO_COMMON_BLOCKS = YES;
				GCC_OPTIMIZATION_LEVEL = 0;
				GCC_PREPROCESSOR_DEFINITIONS = (
					"DEBUG=1",
					"$(inherited)",
				);
				GCC_WARN_64_TO_32_BIT_CONVERSION = YES;
				GCC_WARN_ABOUT_RETURN_TYPE = YES_ERROR;
				GCC_WARN_UNDECLARED_SELECTOR = YES;
				GCC_WARN_UNINITIALIZED_AUTOS = YES_AGGRESSIVE;
				GCC_WARN_UNUSED_FUNCTION = YES;
				GCC_WARN_UNUSED_VARIABLE = YES;
				IPHONEOS_DEPLOYMENT_TARGET = 13.5;
				MTL_ENABLE_DEBUG_INFO = INCLUDE_SOURCE;
				MTL_FAST_MATH = YES;
				ONLY_ACTIVE_ARCH = YES;
				SDKROOT = iphoneos;
				SWIFT_ACTIVE_COMPILATION_CONDITIONS = DEBUG;
				SWIFT_OPTIMIZATION_LEVEL = "-Onone";
			};
			name = Debug;
		};
		F61A970424A3C4E50026A054 /* Release */ = {
			isa = XCBuildConfiguration;
			buildSettings = {
				ALWAYS_SEARCH_USER_PATHS = NO;
				CLANG_ANALYZER_NONNULL = YES;
				CLANG_ANALYZER_NUMBER_OBJECT_CONVERSION = YES_AGGRESSIVE;
				CLANG_CXX_LANGUAGE_STANDARD = "gnu++14";
				CLANG_CXX_LIBRARY = "libc++";
				CLANG_ENABLE_MODULES = YES;
				CLANG_ENABLE_OBJC_ARC = YES;
				CLANG_ENABLE_OBJC_WEAK = YES;
				CLANG_WARN_BLOCK_CAPTURE_AUTORELEASING = YES;
				CLANG_WARN_BOOL_CONVERSION = YES;
				CLANG_WARN_COMMA = YES;
				CLANG_WARN_CONSTANT_CONVERSION = YES;
				CLANG_WARN_DEPRECATED_OBJC_IMPLEMENTATIONS = YES;
				CLANG_WARN_DIRECT_OBJC_ISA_USAGE = YES_ERROR;
				CLANG_WARN_DOCUMENTATION_COMMENTS = YES;
				CLANG_WARN_EMPTY_BODY = YES;
				CLANG_WARN_ENUM_CONVERSION = YES;
				CLANG_WARN_INFINITE_RECURSION = YES;
				CLANG_WARN_INT_CONVERSION = YES;
				CLANG_WARN_NON_LITERAL_NULL_CONVERSION = YES;
				CLANG_WARN_OBJC_IMPLICIT_RETAIN_SELF = YES;
				CLANG_WARN_OBJC_LITERAL_CONVERSION = YES;
				CLANG_WARN_OBJC_ROOT_CLASS = YES_ERROR;
				CLANG_WARN_RANGE_LOOP_ANALYSIS = YES;
				CLANG_WARN_STRICT_PROTOTYPES = YES;
				CLANG_WARN_SUSPICIOUS_MOVE = YES;
				CLANG_WARN_UNGUARDED_AVAILABILITY = YES_AGGRESSIVE;
				CLANG_WARN_UNREACHABLE_CODE = YES;
				CLANG_WARN__DUPLICATE_METHOD_MATCH = YES;
				COPY_PHASE_STRIP = NO;
				DEBUG_INFORMATION_FORMAT = "dwarf-with-dsym";
				ENABLE_NS_ASSERTIONS = NO;
				ENABLE_STRICT_OBJC_MSGSEND = YES;
				GCC_C_LANGUAGE_STANDARD = gnu11;
				GCC_NO_COMMON_BLOCKS = YES;
				GCC_WARN_64_TO_32_BIT_CONVERSION = YES;
				GCC_WARN_ABOUT_RETURN_TYPE = YES_ERROR;
				GCC_WARN_UNDECLARED_SELECTOR = YES;
				GCC_WARN_UNINITIALIZED_AUTOS = YES_AGGRESSIVE;
				GCC_WARN_UNUSED_FUNCTION = YES;
				GCC_WARN_UNUSED_VARIABLE = YES;
				IPHONEOS_DEPLOYMENT_TARGET = 13.5;
				MTL_ENABLE_DEBUG_INFO = NO;
				MTL_FAST_MATH = YES;
				SDKROOT = iphoneos;
				SWIFT_COMPILATION_MODE = wholemodule;
				SWIFT_OPTIMIZATION_LEVEL = "-O";
				VALIDATE_PRODUCT = YES;
			};
			name = Release;
		};
		F61A970624A3C4E50026A054 /* Debug */ = {
			isa = XCBuildConfiguration;
			buildSettings = {
				ASSETCATALOG_COMPILER_APPICON_NAME = AppIcon;
				CODE_SIGN_STYLE = Automatic;
				DEVELOPMENT_TEAM = SYL74HRKNW;
				INFOPLIST_FILE = FunSwitchBrowser/Info.plist;
				LD_RUNPATH_SEARCH_PATHS = (
					"$(inherited)",
					"@executable_path/Frameworks",
				);
				PRODUCT_BUNDLE_IDENTIFIER = com.himani.FunSwitchBrowser;
				PRODUCT_NAME = "$(TARGET_NAME)";
				SWIFT_VERSION = 5.0;
				TARGETED_DEVICE_FAMILY = "1,2";
			};
			name = Debug;
		};
		F61A970724A3C4E50026A054 /* Release */ = {
			isa = XCBuildConfiguration;
			buildSettings = {
				ASSETCATALOG_COMPILER_APPICON_NAME = AppIcon;
				CODE_SIGN_STYLE = Automatic;
				DEVELOPMENT_TEAM = SYL74HRKNW;
				INFOPLIST_FILE = FunSwitchBrowser/Info.plist;
				LD_RUNPATH_SEARCH_PATHS = (
					"$(inherited)",
					"@executable_path/Frameworks",
				);
				PRODUCT_BUNDLE_IDENTIFIER = com.himani.FunSwitchBrowser;
				PRODUCT_NAME = "$(TARGET_NAME)";
				SWIFT_VERSION = 5.0;
				TARGETED_DEVICE_FAMILY = "1,2";
			};
			name = Release;
		};
/* End XCBuildConfiguration section */

/* Begin XCConfigurationList section */
		F61A96EC24A3C4E30026A054 /* Build configuration list for PBXProject "FunSwitchBrowser" */ = {
			isa = XCConfigurationList;
			buildConfigurations = (
				F61A970324A3C4E50026A054 /* Debug */,
				F61A970424A3C4E50026A054 /* Release */,
			);
			defaultConfigurationIsVisible = 0;
			defaultConfigurationName = Release;
		};
		F61A970524A3C4E50026A054 /* Build configuration list for PBXNativeTarget "FunSwitchBrowser" */ = {
			isa = XCConfigurationList;
			buildConfigurations = (
				F61A970624A3C4E50026A054 /* Debug */,
				F61A970724A3C4E50026A054 /* Release */,
			);
			defaultConfigurationIsVisible = 0;
			defaultConfigurationName = Release;
		};
/* End XCConfigurationList section */
	};
	rootObject = F61A96E924A3C4E30026A054 /* Project object */;
}
